
Microsoft Visual Studio Solution File, Format Version 12.00
# Visual Studio 2013
VisualStudioVersion = 12.0.31101.0
MinimumVisualStudioVersion = 10.0.40219.1
Project("{FAE04EC0-301F-11D3-BF4B-00C04F79EFBC}") = "Z-Market", "Z-Market\Z-Market.csproj", "{AEAA70AE-3ED1-4335-A6B0-103A6138A2A2}"
EndProject
Project("{FAE04EC0-301F-11D3-BF4B-00C04F79EFBC}") = "Z-Market.Tests", "..\..\..\..\Visual Studio 2013\Projects\Z-Market\Z-Market.Tests\Z-Market.Tests.csproj", "{F8B037C2-F251-4DE7-99B2-9265F3BABB7F}"
EndProject
Global
	GlobalSection(SolutionConfigurationPlatforms) = preSolution
		Debug|Any CPU = Debug|Any CPU
		Release|Any CPU = Release|Any CPU
	EndGlobalSection
	GlobalSection(ProjectConfigurationPlatforms) = postSolution
		{AEAA70AE-3ED1-4335-A6B0-103A6138A2A2}.Debug|Any CPU.ActiveCfg = Debug|Any CPU
		{AEAA70AE-3ED1-4335-A6B0-103A6138A2A2}.Debug|Any CPU.Build.0 = Debug|Any CPU
		{AEAA70AE-3ED1-4335-A6B0-103A6138A2A2}.Release|Any CPU.ActiveCfg = Release|Any CPU
		{AEAA70AE-3ED1-4335-A6B0-103A6138A2A2}.Release|Any CPU.Build.0 = Release|Any CPU
		{F8B037C2-F251-4DE7-99B2-9265F3BABB7F}.Debug|Any CPU.ActiveCfg = Debug|Any CPU
		{F8B037C2-F251-4DE7-99B2-9265F3BABB7F}.Debug|Any CPU.Build.0 = Debug|Any CPU
		{F8B037C2-F251-4DE7-99B2-9265F3BABB7F}.Release|Any CPU.ActiveCfg = Release|Any CPU
		{F8B037C2-F251-4DE7-99B2-9265F3BABB7F}.Release|Any CPU.Build.0 = Release|Any CPU
	EndGlobalSection
	GlobalSection(SolutionProperties) = preSolution
		HideSolutionNode = FALSE
	EndGlobalSection
EndGlobal
